
Microsoft Visual Studio Solution File, Format Version 12.00
# Visual Studio 11
Project("{FAE04EC0-301F-11D3-BF4B-00C04F79EFBC}") = "Farmacie.App", "Farmacie.App\Farmacie.App.csproj", "{DD4CEADD-5D80-46A0-A250-9763D4233603}"
EndProject
Project("{FAE04EC0-301F-11D3-BF4B-00C04F79EFBC}") = "Farmacie.Test", "Farmacie.Test\Farmacie.Test.csproj", "{4660777E-12CD-4608-827E-565441CA68AB}"
EndProject
Project("{FAE04EC0-301F-11D3-BF4B-00C04F79EFBC}") = "Farmacie.Models", "Farmacie.Models\Farmacie.Models.csproj", "{81968EBD-24B2-41E2-9C78-94E1D4E8C96D}"
EndProject
Project("{FAE04EC0-301F-11D3-BF4B-00C04F79EFBC}") = "Farmacie.Services", "Farmacie.Services\Farmacie.Services.csproj", "{26CF307C-CE0B-482E-994F-9B2919D734D3}"
EndProject
Project("{FAE04EC0-301F-11D3-BF4B-00C04F79EFBC}") = "Farmacie.Models.Test", "Farmacie.Models.Test\Farmacie.Models.Test.csproj", "{AAC5264C-21F6-4BB7-A453-15D09C63F7CA}"
EndProject
Project("{FAE04EC0-301F-11D3-BF4B-00C04F79EFBC}") = "Farmacie.Services.Test", "Farmacie.Services.Test\Farmacie.Services.Test.csproj", "{4BDB810C-EBFE-4AA4-8249-2F713D39FB8C}"
EndProject
Project("{FAE04EC0-301F-11D3-BF4B-00C04F79EFBC}") = "Farmacie.Test.Mock", "Farmacie.Test.Mock\Farmacie.Test.Mock.csproj", "{FB3879E0-2C48-4B4A-8988-1F0EB78295A7}"
EndProject
Project("{FAE04EC0-301F-11D3-BF4B-00C04F79EFBC}") = "Farmacie.Common", "Farmacie.Common\Farmacie.Common.csproj", "{AEE8B8B2-6966-4DE3-8971-B11D32B90017}"
EndProject
Global
	GlobalSection(SolutionConfigurationPlatforms) = preSolution
		Debug|ARM = Debug|ARM
		Debug|Any CPU = Debug|Any CPU
		Debug|x64 = Debug|x64
		Debug|x86 = Debug|x86
		Release|ARM = Release|ARM
		Release|Any CPU = Release|Any CPU
		Release|x64 = Release|x64
		Release|x86 = Release|x86
	EndGlobalSection
	GlobalSection(ProjectConfigurationPlatforms) = postSolution
		{26CF307C-CE0B-482E-994F-9B2919D734D3}.Debug|ARM.ActiveCfg = Debug|ARM
		{26CF307C-CE0B-482E-994F-9B2919D734D3}.Debug|ARM.Build.0 = Debug|ARM
		{26CF307C-CE0B-482E-994F-9B2919D734D3}.Debug|Any CPU.ActiveCfg = Debug|Any CPU
		{26CF307C-CE0B-482E-994F-9B2919D734D3}.Debug|Any CPU.Build.0 = Debug|Any CPU
		{26CF307C-CE0B-482E-994F-9B2919D734D3}.Debug|x64.ActiveCfg = Debug|x64
		{26CF307C-CE0B-482E-994F-9B2919D734D3}.Debug|x64.Build.0 = Debug|x64
		{26CF307C-CE0B-482E-994F-9B2919D734D3}.Debug|x86.ActiveCfg = Debug|x86
		{26CF307C-CE0B-482E-994F-9B2919D734D3}.Debug|x86.Build.0 = Debug|x86
		{26CF307C-CE0B-482E-994F-9B2919D734D3}.Release|ARM.ActiveCfg = Release|ARM
		{26CF307C-CE0B-482E-994F-9B2919D734D3}.Release|ARM.Build.0 = Release|ARM
		{26CF307C-CE0B-482E-994F-9B2919D734D3}.Release|Any CPU.ActiveCfg = Release|Any CPU
		{26CF307C-CE0B-482E-994F-9B2919D734D3}.Release|Any CPU.Build.0 = Release|Any CPU
		{26CF307C-CE0B-482E-994F-9B2919D734D3}.Release|x64.ActiveCfg = Release|x64
		{26CF307C-CE0B-482E-994F-9B2919D734D3}.Release|x64.Build.0 = Release|x64
		{26CF307C-CE0B-482E-994F-9B2919D734D3}.Release|x86.ActiveCfg = Release|x86
		{26CF307C-CE0B-482E-994F-9B2919D734D3}.Release|x86.Build.0 = Release|x86
		{4660777E-12CD-4608-827E-565441CA68AB}.Debug|ARM.ActiveCfg = Debug|ARM
		{4660777E-12CD-4608-827E-565441CA68AB}.Debug|ARM.Build.0 = Debug|ARM
		{4660777E-12CD-4608-827E-565441CA68AB}.Debug|ARM.Deploy.0 = Debug|ARM
		{4660777E-12CD-4608-827E-565441CA68AB}.Debug|Any CPU.ActiveCfg = Debug|Any CPU
		{4660777E-12CD-4608-827E-565441CA68AB}.Debug|Any CPU.Build.0 = Debug|Any CPU
		{4660777E-12CD-4608-827E-565441CA68AB}.Debug|x64.ActiveCfg = Debug|x64
		{4660777E-12CD-4608-827E-565441CA68AB}.Debug|x64.Build.0 = Debug|x64
		{4660777E-12CD-4608-827E-565441CA68AB}.Debug|x64.Deploy.0 = Debug|x64
		{4660777E-12CD-4608-827E-565441CA68AB}.Debug|x86.ActiveCfg = Debug|x86
		{4660777E-12CD-4608-827E-565441CA68AB}.Debug|x86.Build.0 = Debug|x86
		{4660777E-12CD-4608-827E-565441CA68AB}.Release|ARM.ActiveCfg = Release|ARM
		{4660777E-12CD-4608-827E-565441CA68AB}.Release|ARM.Build.0 = Release|ARM
		{4660777E-12CD-4608-827E-565441CA68AB}.Release|ARM.Deploy.0 = Release|ARM
		{4660777E-12CD-4608-827E-565441CA68AB}.Release|Any CPU.ActiveCfg = Release|Any CPU
		{4660777E-12CD-4608-827E-565441CA68AB}.Release|Any CPU.Build.0 = Release|Any CPU
		{4660777E-12CD-4608-827E-565441CA68AB}.Release|Any CPU.Deploy.0 = Release|Any CPU
		{4660777E-12CD-4608-827E-565441CA68AB}.Release|x64.ActiveCfg = Release|x64
		{4660777E-12CD-4608-827E-565441CA68AB}.Release|x64.Build.0 = Release|x64
		{4660777E-12CD-4608-827E-565441CA68AB}.Release|x64.Deploy.0 = Release|x64
		{4660777E-12CD-4608-827E-565441CA68AB}.Release|x86.ActiveCfg = Release|x86
		{4660777E-12CD-4608-827E-565441CA68AB}.Release|x86.Build.0 = Release|x86
		{4660777E-12CD-4608-827E-565441CA68AB}.Release|x86.Deploy.0 = Release|x86
		{4BDB810C-EBFE-4AA4-8249-2F713D39FB8C}.Debug|ARM.ActiveCfg = Debug|ARM
		{4BDB810C-EBFE-4AA4-8249-2F713D39FB8C}.Debug|ARM.Build.0 = Debug|ARM
		{4BDB810C-EBFE-4AA4-8249-2F713D39FB8C}.Debug|ARM.Deploy.0 = Debug|ARM
		{4BDB810C-EBFE-4AA4-8249-2F713D39FB8C}.Debug|Any CPU.ActiveCfg = Debug|Any CPU
		{4BDB810C-EBFE-4AA4-8249-2F713D39FB8C}.Debug|Any CPU.Build.0 = Debug|Any CPU
		{4BDB810C-EBFE-4AA4-8249-2F713D39FB8C}.Debug|Any CPU.Deploy.0 = Debug|Any CPU
		{4BDB810C-EBFE-4AA4-8249-2F713D39FB8C}.Debug|x64.ActiveCfg = Debug|x64
		{4BDB810C-EBFE-4AA4-8249-2F713D39FB8C}.Debug|x64.Build.0 = Debug|x64
		{4BDB810C-EBFE-4AA4-8249-2F713D39FB8C}.Debug|x64.Deploy.0 = Debug|x64
		{4BDB810C-EBFE-4AA4-8249-2F713D39FB8C}.Debug|x86.ActiveCfg = Debug|x86
		{4BDB810C-EBFE-4AA4-8249-2F713D39FB8C}.Debug|x86.Build.0 = Debug|x86
		{4BDB810C-EBFE-4AA4-8249-2F713D39FB8C}.Debug|x86.Deploy.0 = Debug|x86
		{4BDB810C-EBFE-4AA4-8249-2F713D39FB8C}.Release|ARM.ActiveCfg = Release|ARM
		{4BDB810C-EBFE-4AA4-8249-2F713D39FB8C}.Release|ARM.Build.0 = Release|ARM
		{4BDB810C-EBFE-4AA4-8249-2F713D39FB8C}.Release|ARM.Deploy.0 = Release|ARM
		{4BDB810C-EBFE-4AA4-8249-2F713D39FB8C}.Release|Any CPU.ActiveCfg = Release|Any CPU
		{4BDB810C-EBFE-4AA4-8249-2F713D39FB8C}.Release|Any CPU.Build.0 = Release|Any CPU
		{4BDB810C-EBFE-4AA4-8249-2F713D39FB8C}.Release|Any CPU.Deploy.0 = Release|Any CPU
		{4BDB810C-EBFE-4AA4-8249-2F713D39FB8C}.Release|x64.ActiveCfg = Release|x64
		{4BDB810C-EBFE-4AA4-8249-2F713D39FB8C}.Release|x64.Build.0 = Release|x64
		{4BDB810C-EBFE-4AA4-8249-2F713D39FB8C}.Release|x64.Deploy.0 = Release|x64
		{4BDB810C-EBFE-4AA4-8249-2F713D39FB8C}.Release|x86.ActiveCfg = Release|x86
		{4BDB810C-EBFE-4AA4-8249-2F713D39FB8C}.Release|x86.Build.0 = Release|x86
		{4BDB810C-EBFE-4AA4-8249-2F713D39FB8C}.Release|x86.Deploy.0 = Release|x86
		{81968EBD-24B2-41E2-9C78-94E1D4E8C96D}.Debug|ARM.ActiveCfg = Debug|ARM
		{81968EBD-24B2-41E2-9C78-94E1D4E8C96D}.Debug|ARM.Build.0 = Debug|ARM
		{81968EBD-24B2-41E2-9C78-94E1D4E8C96D}.Debug|Any CPU.ActiveCfg = Debug|Any CPU
		{81968EBD-24B2-41E2-9C78-94E1D4E8C96D}.Debug|Any CPU.Build.0 = Debug|Any CPU
		{81968EBD-24B2-41E2-9C78-94E1D4E8C96D}.Debug|x64.ActiveCfg = Debug|x64
		{81968EBD-24B2-41E2-9C78-94E1D4E8C96D}.Debug|x64.Build.0 = Debug|x64
		{81968EBD-24B2-41E2-9C78-94E1D4E8C96D}.Debug|x86.ActiveCfg = Debug|x86
		{81968EBD-24B2-41E2-9C78-94E1D4E8C96D}.Debug|x86.Build.0 = Debug|x86
		{81968EBD-24B2-41E2-9C78-94E1D4E8C96D}.Release|ARM.ActiveCfg = Release|ARM
		{81968EBD-24B2-41E2-9C78-94E1D4E8C96D}.Release|ARM.Build.0 = Release|ARM
		{81968EBD-24B2-41E2-9C78-94E1D4E8C96D}.Release|Any CPU.ActiveCfg = Release|Any CPU
		{81968EBD-24B2-41E2-9C78-94E1D4E8C96D}.Release|Any CPU.Build.0 = Release|Any CPU
		{81968EBD-24B2-41E2-9C78-94E1D4E8C96D}.Release|x64.ActiveCfg = Release|x64
		{81968EBD-24B2-41E2-9C78-94E1D4E8C96D}.Release|x64.Build.0 = Release|x64
		{81968EBD-24B2-41E2-9C78-94E1D4E8C96D}.Release|x86.ActiveCfg = Release|x86
		{81968EBD-24B2-41E2-9C78-94E1D4E8C96D}.Release|x86.Build.0 = Release|x86
		{AAC5264C-21F6-4BB7-A453-15D09C63F7CA}.Debug|ARM.ActiveCfg = Debug|ARM
		{AAC5264C-21F6-4BB7-A453-15D09C63F7CA}.Debug|ARM.Build.0 = Debug|ARM
		{AAC5264C-21F6-4BB7-A453-15D09C63F7CA}.Debug|ARM.Deploy.0 = Debug|ARM
		{AAC5264C-21F6-4BB7-A453-15D09C63F7CA}.Debug|Any CPU.ActiveCfg = Debug|Any CPU
		{AAC5264C-21F6-4BB7-A453-15D09C63F7CA}.Debug|Any CPU.Build.0 = Debug|Any CPU
		{AAC5264C-21F6-4BB7-A453-15D09C63F7CA}.Debug|Any CPU.Deploy.0 = Debug|Any CPU
		{AAC5264C-21F6-4BB7-A453-15D09C63F7CA}.Debug|x64.ActiveCfg = Debug|x64
		{AAC5264C-21F6-4BB7-A453-15D09C63F7CA}.Debug|x64.Build.0 = Debug|x64
		{AAC5264C-21F6-4BB7-A453-15D09C63F7CA}.Debug|x64.Deploy.0 = Debug|x64
		{AAC5264C-21F6-4BB7-A453-15D09C63F7CA}.Debug|x86.ActiveCfg = Debug|x86
		{AAC5264C-21F6-4BB7-A453-15D09C63F7CA}.Debug|x86.Build.0 = Debug|x86
		{AAC5264C-21F6-4BB7-A453-15D09C63F7CA}.Debug|x86.Deploy.0 = Debug|x86
		{AAC5264C-21F6-4BB7-A453-15D09C63F7CA}.Release|ARM.ActiveCfg = Release|ARM
		{AAC5264C-21F6-4BB7-A453-15D09C63F7CA}.Release|ARM.Build.0 = Release|ARM
		{AAC5264C-21F6-4BB7-A453-15D09C63F7CA}.Release|ARM.Deploy.0 = Release|ARM
		{AAC5264C-21F6-4BB7-A453-15D09C63F7CA}.Release|Any CPU.ActiveCfg = Release|Any CPU
		{AAC5264C-21F6-4BB7-A453-15D09C63F7CA}.Release|Any CPU.Build.0 = Release|Any CPU
		{AAC5264C-21F6-4BB7-A453-15D09C63F7CA}.Release|Any CPU.Deploy.0 = Release|Any CPU
		{AAC5264C-21F6-4BB7-A453-15D09C63F7CA}.Release|x64.ActiveCfg = Release|x64
		{AAC5264C-21F6-4BB7-A453-15D09C63F7CA}.Release|x64.Build.0 = Release|x64
		{AAC5264C-21F6-4BB7-A453-15D09C63F7CA}.Release|x64.Deploy.0 = Release|x64
		{AAC5264C-21F6-4BB7-A453-15D09C63F7CA}.Release|x86.ActiveCfg = Release|x86
		{AAC5264C-21F6-4BB7-A453-15D09C63F7CA}.Release|x86.Build.0 = Release|x86
		{AAC5264C-21F6-4BB7-A453-15D09C63F7CA}.Release|x86.Deploy.0 = Release|x86
		{AEE8B8B2-6966-4DE3-8971-B11D32B90017}.Debug|ARM.ActiveCfg = Debug|ARM
		{AEE8B8B2-6966-4DE3-8971-B11D32B90017}.Debug|ARM.Build.0 = Debug|ARM
		{AEE8B8B2-6966-4DE3-8971-B11D32B90017}.Debug|Any CPU.ActiveCfg = Debug|Any CPU
		{AEE8B8B2-6966-4DE3-8971-B11D32B90017}.Debug|Any CPU.Build.0 = Debug|Any CPU
		{AEE8B8B2-6966-4DE3-8971-B11D32B90017}.Debug|x64.ActiveCfg = Debug|x64
		{AEE8B8B2-6966-4DE3-8971-B11D32B90017}.Debug|x64.Build.0 = Debug|x64
		{AEE8B8B2-6966-4DE3-8971-B11D32B90017}.Debug|x86.ActiveCfg = Debug|x86
		{AEE8B8B2-6966-4DE3-8971-B11D32B90017}.Debug|x86.Build.0 = Debug|x86
		{AEE8B8B2-6966-4DE3-8971-B11D32B90017}.Release|ARM.ActiveCfg = Release|ARM
		{AEE8B8B2-6966-4DE3-8971-B11D32B90017}.Release|ARM.Build.0 = Release|ARM
		{AEE8B8B2-6966-4DE3-8971-B11D32B90017}.Release|Any CPU.ActiveCfg = Release|Any CPU
		{AEE8B8B2-6966-4DE3-8971-B11D32B90017}.Release|Any CPU.Build.0 = Release|Any CPU
		{AEE8B8B2-6966-4DE3-8971-B11D32B90017}.Release|x64.ActiveCfg = Release|x64
		{AEE8B8B2-6966-4DE3-8971-B11D32B90017}.Release|x64.Build.0 = Release|x64
		{AEE8B8B2-6966-4DE3-8971-B11D32B90017}.Release|x86.ActiveCfg = Release|x86
		{AEE8B8B2-6966-4DE3-8971-B11D32B90017}.Release|x86.Build.0 = Release|x86
		{DD4CEADD-5D80-46A0-A250-9763D4233603}.Debug|ARM.ActiveCfg = Debug|ARM
		{DD4CEADD-5D80-46A0-A250-9763D4233603}.Debug|ARM.Build.0 = Debug|ARM
		{DD4CEADD-5D80-46A0-A250-9763D4233603}.Debug|ARM.Deploy.0 = Debug|ARM
		{DD4CEADD-5D80-46A0-A250-9763D4233603}.Debug|Any CPU.ActiveCfg = Debug|Any CPU
		{DD4CEADD-5D80-46A0-A250-9763D4233603}.Debug|Any CPU.Build.0 = Debug|Any CPU
		{DD4CEADD-5D80-46A0-A250-9763D4233603}.Debug|Any CPU.Deploy.0 = Debug|Any CPU
		{DD4CEADD-5D80-46A0-A250-9763D4233603}.Debug|x64.ActiveCfg = Debug|x64
		{DD4CEADD-5D80-46A0-A250-9763D4233603}.Debug|x64.Build.0 = Debug|x64
		{DD4CEADD-5D80-46A0-A250-9763D4233603}.Debug|x64.Deploy.0 = Debug|x64
		{DD4CEADD-5D80-46A0-A250-9763D4233603}.Debug|x86.ActiveCfg = Debug|x86
		{DD4CEADD-5D80-46A0-A250-9763D4233603}.Debug|x86.Build.0 = Debug|x86
		{DD4CEADD-5D80-46A0-A250-9763D4233603}.Debug|x86.Deploy.0 = Debug|x86
		{DD4CEADD-5D80-46A0-A250-9763D4233603}.Release|ARM.ActiveCfg = Release|ARM
		{DD4CEADD-5D80-46A0-A250-9763D4233603}.Release|ARM.Build.0 = Release|ARM
		{DD4CEADD-5D80-46A0-A250-9763D4233603}.Release|ARM.Deploy.0 = Release|ARM
		{DD4CEADD-5D80-46A0-A250-9763D4233603}.Release|Any CPU.ActiveCfg = Release|Any CPU
		{DD4CEADD-5D80-46A0-A250-9763D4233603}.Release|Any CPU.Build.0 = Release|Any CPU
		{DD4CEADD-5D80-46A0-A250-9763D4233603}.Release|Any CPU.Deploy.0 = Release|Any CPU
		{DD4CEADD-5D80-46A0-A250-9763D4233603}.Release|x64.ActiveCfg = Release|x64
		{DD4CEADD-5D80-46A0-A250-9763D4233603}.Release|x64.Build.0 = Release|x64
		{DD4CEADD-5D80-46A0-A250-9763D4233603}.Release|x64.Deploy.0 = Release|x64
		{DD4CEADD-5D80-46A0-A250-9763D4233603}.Release|x86.ActiveCfg = Release|x86
		{DD4CEADD-5D80-46A0-A250-9763D4233603}.Release|x86.Build.0 = Release|x86
		{DD4CEADD-5D80-46A0-A250-9763D4233603}.Release|x86.Deploy.0 = Release|x86
		{FB3879E0-2C48-4B4A-8988-1F0EB78295A7}.Debug|ARM.ActiveCfg = Debug|ARM
		{FB3879E0-2C48-4B4A-8988-1F0EB78295A7}.Debug|ARM.Build.0 = Debug|ARM
		{FB3879E0-2C48-4B4A-8988-1F0EB78295A7}.Debug|Any CPU.ActiveCfg = Debug|Any CPU
		{FB3879E0-2C48-4B4A-8988-1F0EB78295A7}.Debug|Any CPU.Build.0 = Debug|Any CPU
		{FB3879E0-2C48-4B4A-8988-1F0EB78295A7}.Debug|x64.ActiveCfg = Debug|x64
		{FB3879E0-2C48-4B4A-8988-1F0EB78295A7}.Debug|x64.Build.0 = Debug|x64
		{FB3879E0-2C48-4B4A-8988-1F0EB78295A7}.Debug|x86.ActiveCfg = Debug|x86
		{FB3879E0-2C48-4B4A-8988-1F0EB78295A7}.Debug|x86.Build.0 = Debug|x86
		{FB3879E0-2C48-4B4A-8988-1F0EB78295A7}.Release|ARM.ActiveCfg = Release|ARM
		{FB3879E0-2C48-4B4A-8988-1F0EB78295A7}.Release|ARM.Build.0 = Release|ARM
		{FB3879E0-2C48-4B4A-8988-1F0EB78295A7}.Release|Any CPU.ActiveCfg = Release|Any CPU
		{FB3879E0-2C48-4B4A-8988-1F0EB78295A7}.Release|Any CPU.Build.0 = Release|Any CPU
		{FB3879E0-2C48-4B4A-8988-1F0EB78295A7}.Release|x64.ActiveCfg = Release|x64
		{FB3879E0-2C48-4B4A-8988-1F0EB78295A7}.Release|x64.Build.0 = Release|x64
		{FB3879E0-2C48-4B4A-8988-1F0EB78295A7}.Release|x86.ActiveCfg = Release|x86
		{FB3879E0-2C48-4B4A-8988-1F0EB78295A7}.Release|x86.Build.0 = Release|x86
	EndGlobalSection
	GlobalSection(SolutionProperties) = preSolution
		HideSolutionNode = FALSE
	EndGlobalSection
EndGlobal
